
Microsoft Visual Studio Solution File, Format Version 12.00
# Visual Studio Express 2012 for Windows Phone
Project("{FAE04EC0-301F-11D3-BF4B-00C04F79EFBC}") = "Eon.Game", "Eon.Game\Eon.Game.csproj", "{487068E3-B90B-4813-AD12-EDDD3EE81593}"
EndProject
Global
	GlobalSection(SolutionConfigurationPlatforms) = preSolution
		Debug|Windows Phone = Debug|Windows Phone
		Release|Windows Phone = Release|Windows Phone
	EndGlobalSection
	GlobalSection(ProjectConfigurationPlatforms) = postSolution
		{487068E3-B90B-4813-AD12-EDDD3EE81593}.Debug|Windows Phone.ActiveCfg = Debug|Windows Phone
		{487068E3-B90B-4813-AD12-EDDD3EE81593}.Debug|Windows Phone.Build.0 = Debug|Windows Phone
		{487068E3-B90B-4813-AD12-EDDD3EE81593}.Release|Windows Phone.ActiveCfg = Release|Windows Phone
		{487068E3-B90B-4813-AD12-EDDD3EE81593}.Release|Windows Phone.Build.0 = Release|Windows Phone
	EndGlobalSection
	GlobalSection(SolutionProperties) = preSolution
		HideSolutionNode = FALSE
	EndGlobalSection
EndGlobal
