
Microsoft Visual Studio Solution File, Format Version 12.00
# Visual Studio Express 2012 for Windows Phone
Project("{FAE04EC0-301F-11D3-BF4B-00C04F79EFBC}") = "Eon.Game2D", "Eon.Game2D\Eon.Game2D.csproj", "{E569F90F-717C-48B1-A163-D3B4D7857C9A}"
EndProject
Global
	GlobalSection(SolutionConfigurationPlatforms) = preSolution
		Debug|Windows Phone = Debug|Windows Phone
		Release|Windows Phone = Release|Windows Phone
	EndGlobalSection
	GlobalSection(ProjectConfigurationPlatforms) = postSolution
		{E569F90F-717C-48B1-A163-D3B4D7857C9A}.Debug|Windows Phone.ActiveCfg = Debug|Windows Phone
		{E569F90F-717C-48B1-A163-D3B4D7857C9A}.Debug|Windows Phone.Build.0 = Debug|Windows Phone
		{E569F90F-717C-48B1-A163-D3B4D7857C9A}.Release|Windows Phone.ActiveCfg = Release|Windows Phone
		{E569F90F-717C-48B1-A163-D3B4D7857C9A}.Release|Windows Phone.Build.0 = Release|Windows Phone
	EndGlobalSection
	GlobalSection(SolutionProperties) = preSolution
		HideSolutionNode = FALSE
	EndGlobalSection
EndGlobal
