
Microsoft Visual Studio Solution File, Format Version 12.00
# Visual Studio Express 2012 for Windows Phone
Project("{FAE04EC0-301F-11D3-BF4B-00C04F79EFBC}") = "Eon.UIApi", "Eon.UIApi\Eon.UIApi.csproj", "{FA22565F-F37E-40A3-A125-D75052B46726}"
EndProject
Global
	GlobalSection(SolutionConfigurationPlatforms) = preSolution
		Debug|Windows Phone = Debug|Windows Phone
		Release|Windows Phone = Release|Windows Phone
	EndGlobalSection
	GlobalSection(ProjectConfigurationPlatforms) = postSolution
		{FA22565F-F37E-40A3-A125-D75052B46726}.Debug|Windows Phone.ActiveCfg = Debug|Windows Phone
		{FA22565F-F37E-40A3-A125-D75052B46726}.Debug|Windows Phone.Build.0 = Debug|Windows Phone
		{FA22565F-F37E-40A3-A125-D75052B46726}.Release|Windows Phone.ActiveCfg = Release|Windows Phone
		{FA22565F-F37E-40A3-A125-D75052B46726}.Release|Windows Phone.Build.0 = Release|Windows Phone
	EndGlobalSection
	GlobalSection(SolutionProperties) = preSolution
		HideSolutionNode = FALSE
	EndGlobalSection
EndGlobal
