
Microsoft Visual Studio Solution File, Format Version 12.00
# Visual Studio Express 2012 for Windows Phone
Project("{FAE04EC0-301F-11D3-BF4B-00C04F79EFBC}") = "Eon.Animation2D", "Eon.Animation2D\Eon.Animation2D.csproj", "{265D8868-B482-4D8F-9497-C300EADB9101}"
EndProject
Global
	GlobalSection(SolutionConfigurationPlatforms) = preSolution
		Debug|Windows Phone = Debug|Windows Phone
		Release|Windows Phone = Release|Windows Phone
	EndGlobalSection
	GlobalSection(ProjectConfigurationPlatforms) = postSolution
		{265D8868-B482-4D8F-9497-C300EADB9101}.Debug|Windows Phone.ActiveCfg = Debug|Windows Phone
		{265D8868-B482-4D8F-9497-C300EADB9101}.Debug|Windows Phone.Build.0 = Debug|Windows Phone
		{265D8868-B482-4D8F-9497-C300EADB9101}.Release|Windows Phone.ActiveCfg = Release|Windows Phone
		{265D8868-B482-4D8F-9497-C300EADB9101}.Release|Windows Phone.Build.0 = Release|Windows Phone
	EndGlobalSection
	GlobalSection(SolutionProperties) = preSolution
		HideSolutionNode = FALSE
	EndGlobalSection
EndGlobal
