
Microsoft Visual Studio Solution File, Format Version 12.00
# Visual Studio Express 2012 for Windows Desktop
Project("{FAE04EC0-301F-11D3-BF4B-00C04F79EFBC}") = "Eon.Particles2D", "Eon.Particles2D\Eon.Particles2D.csproj", "{6881B569-CCDE-4A0A-AD3D-74D2BEA7AAD9}"
EndProject
Global
	GlobalSection(SolutionConfigurationPlatforms) = preSolution
		Debug|Any CPU = Debug|Any CPU
		Release|Any CPU = Release|Any CPU
	EndGlobalSection
	GlobalSection(ProjectConfigurationPlatforms) = postSolution
		{6881B569-CCDE-4A0A-AD3D-74D2BEA7AAD9}.Debug|Any CPU.ActiveCfg = Debug|Any CPU
		{6881B569-CCDE-4A0A-AD3D-74D2BEA7AAD9}.Debug|Any CPU.Build.0 = Debug|Any CPU
		{6881B569-CCDE-4A0A-AD3D-74D2BEA7AAD9}.Release|Any CPU.ActiveCfg = Release|Any CPU
		{6881B569-CCDE-4A0A-AD3D-74D2BEA7AAD9}.Release|Any CPU.Build.0 = Release|Any CPU
	EndGlobalSection
	GlobalSection(SolutionProperties) = preSolution
		HideSolutionNode = FALSE
	EndGlobalSection
EndGlobal
