
Microsoft Visual Studio Solution File, Format Version 12.00
# Visual Studio Express 2012 for Windows Phone
Project("{FAE04EC0-301F-11D3-BF4B-00C04F79EFBC}") = "PhysicsTestCollision1", "PhysicsTestCollision1\PhysicsTestCollision1\PhysicsTestCollision1.csproj", "{AE60E71A-9FBD-4E0B-80EA-E9FE0A23B771}"
EndProject
Project("{96E2B04D-8817-42C6-938A-82C39BA4D311}") = "PhysicsTestCollision1Content", "PhysicsTestCollision1\PhysicsTestCollision1Content\PhysicsTestCollision1Content.contentproj", "{55FD2FAB-5166-417C-ACBF-15C2DD15D103}"
EndProject
Project("{FAE04EC0-301F-11D3-BF4B-00C04F79EFBC}") = "Eon.Physics2D", "..\..\V 1.4\Eon.Physics2D\Eon.Physics2D\Eon.Physics2D.csproj", "{4DA89EA3-8BC2-46F7-890C-CCC4715AD87A}"
EndProject
Global
	GlobalSection(SolutionConfigurationPlatforms) = preSolution
		Debug|Windows Phone = Debug|Windows Phone
		Release|Windows Phone = Release|Windows Phone
	EndGlobalSection
	GlobalSection(ProjectConfigurationPlatforms) = postSolution
		{AE60E71A-9FBD-4E0B-80EA-E9FE0A23B771}.Debug|Windows Phone.ActiveCfg = Debug|Windows Phone
		{AE60E71A-9FBD-4E0B-80EA-E9FE0A23B771}.Debug|Windows Phone.Build.0 = Debug|Windows Phone
		{AE60E71A-9FBD-4E0B-80EA-E9FE0A23B771}.Debug|Windows Phone.Deploy.0 = Debug|Windows Phone
		{AE60E71A-9FBD-4E0B-80EA-E9FE0A23B771}.Release|Windows Phone.ActiveCfg = Release|Windows Phone
		{AE60E71A-9FBD-4E0B-80EA-E9FE0A23B771}.Release|Windows Phone.Build.0 = Release|Windows Phone
		{AE60E71A-9FBD-4E0B-80EA-E9FE0A23B771}.Release|Windows Phone.Deploy.0 = Release|Windows Phone
		{55FD2FAB-5166-417C-ACBF-15C2DD15D103}.Debug|Windows Phone.ActiveCfg = Debug|Windows Phone
		{55FD2FAB-5166-417C-ACBF-15C2DD15D103}.Release|Windows Phone.ActiveCfg = Release|Windows Phone
		{4DA89EA3-8BC2-46F7-890C-CCC4715AD87A}.Debug|Windows Phone.ActiveCfg = Debug|Windows Phone
		{4DA89EA3-8BC2-46F7-890C-CCC4715AD87A}.Debug|Windows Phone.Build.0 = Debug|Windows Phone
		{4DA89EA3-8BC2-46F7-890C-CCC4715AD87A}.Release|Windows Phone.ActiveCfg = Release|Windows Phone
		{4DA89EA3-8BC2-46F7-890C-CCC4715AD87A}.Release|Windows Phone.Build.0 = Release|Windows Phone
	EndGlobalSection
	GlobalSection(SolutionProperties) = preSolution
		HideSolutionNode = FALSE
	EndGlobalSection
EndGlobal
