
Microsoft Visual Studio Solution File, Format Version 12.00
# Visual Studio Express 2012 for Windows Desktop
Project("{FAE04EC0-301F-11D3-BF4B-00C04F79EFBC}") = "Rendering3DTransparencyFR", "Rendering3DTransparencyFR\Rendering3DTransparencyFR.csproj", "{ECA6695E-E21B-4459-A6E4-84584BF1760A}"
EndProject
Project("{FAE04EC0-301F-11D3-BF4B-00C04F79EFBC}") = "Eon", "..\..\..\Mk 2\Eon\Eon\Eon.csproj", "{09237CFD-0CC8-4D32-AA04-5D8F244590F7}"
EndProject
Project("{FAE04EC0-301F-11D3-BF4B-00C04F79EFBC}") = "Eon.Engine", "..\..\..\Mk 2\Eon.Engine\Eon.Engine\Eon.Engine.csproj", "{E24AB662-6E4B-4100-BC2F-6548DAAF6F69}"
EndProject
Project("{FAE04EC0-301F-11D3-BF4B-00C04F79EFBC}") = "Eon.Rendering3D", "..\..\..\Mk 2\Eon.Rendering3D\Eon.Rendering3D\Eon.Rendering3D.csproj", "{B6A855FD-D279-454D-A027-AC473862D6BF}"
EndProject
Project("{FAE04EC0-301F-11D3-BF4B-00C04F79EFBC}") = "Eon.Testing", "..\..\..\Mk 2\Eon.Testing\Eon.Testing\Eon.Testing.csproj", "{B0F02902-BAC5-419D-98D1-5956CA873C5B}"
EndProject
Project("{FAE04EC0-301F-11D3-BF4B-00C04F79EFBC}") = "Eon.PostProcessing", "..\..\..\Mk 2\Eon.PostProcessing\Eon.PostProcessing\Eon.PostProcessing.csproj", "{31F44B90-3123-4EAB-B4C3-3DED682AC716}"
EndProject
Global
	GlobalSection(SolutionConfigurationPlatforms) = preSolution
		Debug|Any CPU = Debug|Any CPU
		Debug|Mixed Platforms = Debug|Mixed Platforms
		Debug|x86 = Debug|x86
		Release|Any CPU = Release|Any CPU
		Release|Mixed Platforms = Release|Mixed Platforms
		Release|x86 = Release|x86
	EndGlobalSection
	GlobalSection(ProjectConfigurationPlatforms) = postSolution
		{ECA6695E-E21B-4459-A6E4-84584BF1760A}.Debug|Any CPU.ActiveCfg = Debug|x86
		{ECA6695E-E21B-4459-A6E4-84584BF1760A}.Debug|Mixed Platforms.ActiveCfg = Debug|x86
		{ECA6695E-E21B-4459-A6E4-84584BF1760A}.Debug|Mixed Platforms.Build.0 = Debug|x86
		{ECA6695E-E21B-4459-A6E4-84584BF1760A}.Debug|x86.ActiveCfg = Debug|x86
		{ECA6695E-E21B-4459-A6E4-84584BF1760A}.Debug|x86.Build.0 = Debug|x86
		{ECA6695E-E21B-4459-A6E4-84584BF1760A}.Release|Any CPU.ActiveCfg = Release|x86
		{ECA6695E-E21B-4459-A6E4-84584BF1760A}.Release|Mixed Platforms.ActiveCfg = Release|x86
		{ECA6695E-E21B-4459-A6E4-84584BF1760A}.Release|Mixed Platforms.Build.0 = Release|x86
		{ECA6695E-E21B-4459-A6E4-84584BF1760A}.Release|x86.ActiveCfg = Release|x86
		{ECA6695E-E21B-4459-A6E4-84584BF1760A}.Release|x86.Build.0 = Release|x86
		{09237CFD-0CC8-4D32-AA04-5D8F244590F7}.Debug|Any CPU.ActiveCfg = Debug|Any CPU
		{09237CFD-0CC8-4D32-AA04-5D8F244590F7}.Debug|Any CPU.Build.0 = Debug|Any CPU
		{09237CFD-0CC8-4D32-AA04-5D8F244590F7}.Debug|Mixed Platforms.ActiveCfg = Debug|Any CPU
		{09237CFD-0CC8-4D32-AA04-5D8F244590F7}.Debug|Mixed Platforms.Build.0 = Debug|Any CPU
		{09237CFD-0CC8-4D32-AA04-5D8F244590F7}.Debug|x86.ActiveCfg = Debug|Any CPU
		{09237CFD-0CC8-4D32-AA04-5D8F244590F7}.Release|Any CPU.ActiveCfg = Release|Any CPU
		{09237CFD-0CC8-4D32-AA04-5D8F244590F7}.Release|Any CPU.Build.0 = Release|Any CPU
		{09237CFD-0CC8-4D32-AA04-5D8F244590F7}.Release|Mixed Platforms.ActiveCfg = Release|Any CPU
		{09237CFD-0CC8-4D32-AA04-5D8F244590F7}.Release|Mixed Platforms.Build.0 = Release|Any CPU
		{09237CFD-0CC8-4D32-AA04-5D8F244590F7}.Release|x86.ActiveCfg = Release|Any CPU
		{E24AB662-6E4B-4100-BC2F-6548DAAF6F69}.Debug|Any CPU.ActiveCfg = Debug|Any CPU
		{E24AB662-6E4B-4100-BC2F-6548DAAF6F69}.Debug|Any CPU.Build.0 = Debug|Any CPU
		{E24AB662-6E4B-4100-BC2F-6548DAAF6F69}.Debug|Mixed Platforms.ActiveCfg = Debug|Any CPU
		{E24AB662-6E4B-4100-BC2F-6548DAAF6F69}.Debug|Mixed Platforms.Build.0 = Debug|Any CPU
		{E24AB662-6E4B-4100-BC2F-6548DAAF6F69}.Debug|x86.ActiveCfg = Debug|Any CPU
		{E24AB662-6E4B-4100-BC2F-6548DAAF6F69}.Release|Any CPU.ActiveCfg = Release|Any CPU
		{E24AB662-6E4B-4100-BC2F-6548DAAF6F69}.Release|Any CPU.Build.0 = Release|Any CPU
		{E24AB662-6E4B-4100-BC2F-6548DAAF6F69}.Release|Mixed Platforms.ActiveCfg = Release|Any CPU
		{E24AB662-6E4B-4100-BC2F-6548DAAF6F69}.Release|Mixed Platforms.Build.0 = Release|Any CPU
		{E24AB662-6E4B-4100-BC2F-6548DAAF6F69}.Release|x86.ActiveCfg = Release|Any CPU
		{B6A855FD-D279-454D-A027-AC473862D6BF}.Debug|Any CPU.ActiveCfg = Debug|Any CPU
		{B6A855FD-D279-454D-A027-AC473862D6BF}.Debug|Any CPU.Build.0 = Debug|Any CPU
		{B6A855FD-D279-454D-A027-AC473862D6BF}.Debug|Mixed Platforms.ActiveCfg = Debug|Any CPU
		{B6A855FD-D279-454D-A027-AC473862D6BF}.Debug|Mixed Platforms.Build.0 = Debug|Any CPU
		{B6A855FD-D279-454D-A027-AC473862D6BF}.Debug|x86.ActiveCfg = Debug|Any CPU
		{B6A855FD-D279-454D-A027-AC473862D6BF}.Release|Any CPU.ActiveCfg = Release|Any CPU
		{B6A855FD-D279-454D-A027-AC473862D6BF}.Release|Any CPU.Build.0 = Release|Any CPU
		{B6A855FD-D279-454D-A027-AC473862D6BF}.Release|Mixed Platforms.ActiveCfg = Release|Any CPU
		{B6A855FD-D279-454D-A027-AC473862D6BF}.Release|Mixed Platforms.Build.0 = Release|Any CPU
		{B6A855FD-D279-454D-A027-AC473862D6BF}.Release|x86.ActiveCfg = Release|Any CPU
		{B0F02902-BAC5-419D-98D1-5956CA873C5B}.Debug|Any CPU.ActiveCfg = Debug|Any CPU
		{B0F02902-BAC5-419D-98D1-5956CA873C5B}.Debug|Any CPU.Build.0 = Debug|Any CPU
		{B0F02902-BAC5-419D-98D1-5956CA873C5B}.Debug|Mixed Platforms.ActiveCfg = Debug|Any CPU
		{B0F02902-BAC5-419D-98D1-5956CA873C5B}.Debug|Mixed Platforms.Build.0 = Debug|Any CPU
		{B0F02902-BAC5-419D-98D1-5956CA873C5B}.Debug|x86.ActiveCfg = Debug|Any CPU
		{B0F02902-BAC5-419D-98D1-5956CA873C5B}.Release|Any CPU.ActiveCfg = Release|Any CPU
		{B0F02902-BAC5-419D-98D1-5956CA873C5B}.Release|Any CPU.Build.0 = Release|Any CPU
		{B0F02902-BAC5-419D-98D1-5956CA873C5B}.Release|Mixed Platforms.ActiveCfg = Release|Any CPU
		{B0F02902-BAC5-419D-98D1-5956CA873C5B}.Release|Mixed Platforms.Build.0 = Release|Any CPU
		{B0F02902-BAC5-419D-98D1-5956CA873C5B}.Release|x86.ActiveCfg = Release|Any CPU
		{31F44B90-3123-4EAB-B4C3-3DED682AC716}.Debug|Any CPU.ActiveCfg = Debug|Any CPU
		{31F44B90-3123-4EAB-B4C3-3DED682AC716}.Debug|Any CPU.Build.0 = Debug|Any CPU
		{31F44B90-3123-4EAB-B4C3-3DED682AC716}.Debug|Mixed Platforms.ActiveCfg = Debug|Any CPU
		{31F44B90-3123-4EAB-B4C3-3DED682AC716}.Debug|Mixed Platforms.Build.0 = Debug|Any CPU
		{31F44B90-3123-4EAB-B4C3-3DED682AC716}.Debug|x86.ActiveCfg = Debug|Any CPU
		{31F44B90-3123-4EAB-B4C3-3DED682AC716}.Release|Any CPU.ActiveCfg = Release|Any CPU
		{31F44B90-3123-4EAB-B4C3-3DED682AC716}.Release|Any CPU.Build.0 = Release|Any CPU
		{31F44B90-3123-4EAB-B4C3-3DED682AC716}.Release|Mixed Platforms.ActiveCfg = Release|Any CPU
		{31F44B90-3123-4EAB-B4C3-3DED682AC716}.Release|Mixed Platforms.Build.0 = Release|Any CPU
		{31F44B90-3123-4EAB-B4C3-3DED682AC716}.Release|x86.ActiveCfg = Release|Any CPU
	EndGlobalSection
	GlobalSection(SolutionProperties) = preSolution
		HideSolutionNode = FALSE
	EndGlobalSection
EndGlobal
